
Microsoft Visual Studio Solution File, Format Version 12.00
# Visual Studio Version 16
VisualStudioVersion = 25.0.1705.4
MinimumVisualStudioVersion = 10.0.40219.1
Project("{FAE04EC0-301F-11D3-BF4B-00C04F79EFBC}") = "slowconsumer", "slowconsumer.csproj", "{20E76EBB-F7A7-4631-BD53-00B4795CFA6A}"
EndProject
Global
	GlobalSection(SolutionConfigurationPlatforms) = preSolution
		Debug|Any CPU = Debug|Any CPU
		Release|Any CPU = Release|Any CPU
	EndGlobalSection
	GlobalSection(ProjectConfigurationPlatforms) = postSolution
		{20E76EBB-F7A7-4631-BD53-00B4795CFA6A}.Debug|Any CPU.ActiveCfg = Debug|Any CPU
		{20E76EBB-F7A7-4631-BD53-00B4795CFA6A}.Debug|Any CPU.Build.0 = Debug|Any CPU
		{20E76EBB-F7A7-4631-BD53-00B4795CFA6A}.Release|Any CPU.ActiveCfg = Release|Any CPU
		{20E76EBB-F7A7-4631-BD53-00B4795CFA6A}.Release|Any CPU.Build.0 = Release|Any CPU
	EndGlobalSection
	GlobalSection(SolutionProperties) = preSolution
		HideSolutionNode = FALSE
	EndGlobalSection
	GlobalSection(ExtensibilityGlobals) = postSolution
		SolutionGuid = {C7D670BD-829F-48E5-8106-BE7263D82EEA}
	EndGlobalSection
EndGlobal
